
Microsoft Visual Studio Solution File, Format Version 12.00
# Visual Studio Version 16
VisualStudioVersion = 16.0.31829.152
MinimumVisualStudioVersion = 10.0.40219.1
Project("{8BC9CEB8-8B4A-11D0-8D11-00A0C91BC942}") = "MathClient", "MathClient\MathClient.vcxproj", "{C875F5FA-B995-4C82-830C-25C16E13079E}"
EndProject
Global
	GlobalSection(SolutionConfigurationPlatforms) = preSolution
		Debug|x64 = Debug|x64
		Debug|x86 = Debug|x86
		Release|x64 = Release|x64
		Release|x86 = Release|x86
	EndGlobalSection
	GlobalSection(ProjectConfigurationPlatforms) = postSolution
		{C875F5FA-B995-4C82-830C-25C16E13079E}.Debug|x64.ActiveCfg = Debug|x64
		{C875F5FA-B995-4C82-830C-25C16E13079E}.Debug|x64.Build.0 = Debug|x64
		{C875F5FA-B995-4C82-830C-25C16E13079E}.Debug|x86.ActiveCfg = Debug|Win32
		{C875F5FA-B995-4C82-830C-25C16E13079E}.Debug|x86.Build.0 = Debug|Win32
		{C875F5FA-B995-4C82-830C-25C16E13079E}.Release|x64.ActiveCfg = Release|x64
		{C875F5FA-B995-4C82-830C-25C16E13079E}.Release|x64.Build.0 = Release|x64
		{C875F5FA-B995-4C82-830C-25C16E13079E}.Release|x86.ActiveCfg = Release|Win32
		{C875F5FA-B995-4C82-830C-25C16E13079E}.Release|x86.Build.0 = Release|Win32
	EndGlobalSection
	GlobalSection(SolutionProperties) = preSolution
		HideSolutionNode = FALSE
	EndGlobalSection
	GlobalSection(ExtensibilityGlobals) = postSolution
		SolutionGuid = {462EB25C-FA17-417F-8AD0-2C519731D806}
	EndGlobalSection
EndGlobal
